
Microsoft Visual Studio Solution File, Format Version 12.00
# Visual Studio Version 16
VisualStudioVersion = 16.0.30711.63
MinimumVisualStudioVersion = 10.0.40219.1
Project("{FAE04EC0-301F-11D3-BF4B-00C04F79EFBC}") = "CM9_旁聽名單", "CM9_旁聽名單\CM9_旁聽名單.csproj", "{ADFFE20D-2E2B-4DC5-9B9A-1D1CD9572C45}"
EndProject
Global
	GlobalSection(SolutionConfigurationPlatforms) = preSolution
		Debug|Any CPU = Debug|Any CPU
		Release|Any CPU = Release|Any CPU
	EndGlobalSection
	GlobalSection(ProjectConfigurationPlatforms) = postSolution
		{ADFFE20D-2E2B-4DC5-9B9A-1D1CD9572C45}.Debug|Any CPU.ActiveCfg = Debug|Any CPU
		{ADFFE20D-2E2B-4DC5-9B9A-1D1CD9572C45}.Debug|Any CPU.Build.0 = Debug|Any CPU
		{ADFFE20D-2E2B-4DC5-9B9A-1D1CD9572C45}.Release|Any CPU.ActiveCfg = Release|Any CPU
		{ADFFE20D-2E2B-4DC5-9B9A-1D1CD9572C45}.Release|Any CPU.Build.0 = Release|Any CPU
	EndGlobalSection
	GlobalSection(SolutionProperties) = preSolution
		HideSolutionNode = FALSE
	EndGlobalSection
	GlobalSection(ExtensibilityGlobals) = postSolution
		SolutionGuid = {6CE2C0AF-C0E8-4E4C-80B0-878C42BE4990}
	EndGlobalSection
EndGlobal
