
Microsoft Visual Studio Solution File, Format Version 12.00
# Visual Studio Version 16
VisualStudioVersion = 16.0.30711.63
MinimumVisualStudioVersion = 10.0.40219.1
Project("{FAE04EC0-301F-11D3-BF4B-00C04F79EFBC}") = "CM10_銘傳國際生演講查詢", "CM10_銘傳國際生演講查詢\CM10_銘傳國際生演講查詢.csproj", "{E30F993A-3BFB-44E9-8F63-E110C28C00D6}"
EndProject
Global
	GlobalSection(SolutionConfigurationPlatforms) = preSolution
		Debug|Any CPU = Debug|Any CPU
		Release|Any CPU = Release|Any CPU
	EndGlobalSection
	GlobalSection(ProjectConfigurationPlatforms) = postSolution
		{E30F993A-3BFB-44E9-8F63-E110C28C00D6}.Debug|Any CPU.ActiveCfg = Debug|Any CPU
		{E30F993A-3BFB-44E9-8F63-E110C28C00D6}.Debug|Any CPU.Build.0 = Debug|Any CPU
		{E30F993A-3BFB-44E9-8F63-E110C28C00D6}.Release|Any CPU.ActiveCfg = Release|Any CPU
		{E30F993A-3BFB-44E9-8F63-E110C28C00D6}.Release|Any CPU.Build.0 = Release|Any CPU
	EndGlobalSection
	GlobalSection(SolutionProperties) = preSolution
		HideSolutionNode = FALSE
	EndGlobalSection
	GlobalSection(ExtensibilityGlobals) = postSolution
		SolutionGuid = {708E2F32-88D8-40BD-BCB0-CD5D1EE5780F}
	EndGlobalSection
EndGlobal
