
Microsoft Visual Studio Solution File, Format Version 12.00
# Visual Studio Version 16
VisualStudioVersion = 16.0.30711.63
MinimumVisualStudioVersion = 10.0.40219.1
Project("{FAE04EC0-301F-11D3-BF4B-00C04F79EFBC}") = "CM13_送成績", "CM13_送成績\CM13_送成績.csproj", "{A5E5544F-BDB8-41F8-A92D-658BC4051E82}"
EndProject
Global
	GlobalSection(SolutionConfigurationPlatforms) = preSolution
		Debug|Any CPU = Debug|Any CPU
		Release|Any CPU = Release|Any CPU
	EndGlobalSection
	GlobalSection(ProjectConfigurationPlatforms) = postSolution
		{A5E5544F-BDB8-41F8-A92D-658BC4051E82}.Debug|Any CPU.ActiveCfg = Debug|Any CPU
		{A5E5544F-BDB8-41F8-A92D-658BC4051E82}.Debug|Any CPU.Build.0 = Debug|Any CPU
		{A5E5544F-BDB8-41F8-A92D-658BC4051E82}.Release|Any CPU.ActiveCfg = Release|Any CPU
		{A5E5544F-BDB8-41F8-A92D-658BC4051E82}.Release|Any CPU.Build.0 = Release|Any CPU
	EndGlobalSection
	GlobalSection(SolutionProperties) = preSolution
		HideSolutionNode = FALSE
	EndGlobalSection
	GlobalSection(ExtensibilityGlobals) = postSolution
		SolutionGuid = {C8C34618-6905-4E1D-8CB5-1018E5B789F9}
	EndGlobalSection
EndGlobal
