
Microsoft Visual Studio Solution File, Format Version 12.00
# Visual Studio Version 16
VisualStudioVersion = 16.0.30711.63
MinimumVisualStudioVersion = 10.0.40219.1
Project("{FAE04EC0-301F-11D3-BF4B-00C04F79EFBC}") = "Vue12_大衛魔術", "Vue12_大衛魔術\Vue12_大衛魔術.csproj", "{B0099246-DDA6-434A-809E-6CF56353A84C}"
EndProject
Global
	GlobalSection(SolutionConfigurationPlatforms) = preSolution
		Debug|Any CPU = Debug|Any CPU
		Release|Any CPU = Release|Any CPU
	EndGlobalSection
	GlobalSection(ProjectConfigurationPlatforms) = postSolution
		{B0099246-DDA6-434A-809E-6CF56353A84C}.Debug|Any CPU.ActiveCfg = Debug|Any CPU
		{B0099246-DDA6-434A-809E-6CF56353A84C}.Debug|Any CPU.Build.0 = Debug|Any CPU
		{B0099246-DDA6-434A-809E-6CF56353A84C}.Release|Any CPU.ActiveCfg = Release|Any CPU
		{B0099246-DDA6-434A-809E-6CF56353A84C}.Release|Any CPU.Build.0 = Release|Any CPU
	EndGlobalSection
	GlobalSection(SolutionProperties) = preSolution
		HideSolutionNode = FALSE
	EndGlobalSection
	GlobalSection(ExtensibilityGlobals) = postSolution
		SolutionGuid = {3521B2B6-F5E8-42CE-9725-12D7B30F1598}
	EndGlobalSection
EndGlobal
