
Microsoft Visual Studio Solution File, Format Version 12.00
# Visual Studio Version 16
VisualStudioVersion = 16.0.30711.63
MinimumVisualStudioVersion = 10.0.40219.1
Project("{FAE04EC0-301F-11D3-BF4B-00C04F79EFBC}") = "MM1_毛毛購物網", "MM1_毛毛購物網\MM1_毛毛購物網.csproj", "{11093CFF-8DBD-43AC-B628-0DA2A92C08F9}"
EndProject
Project("{FAE04EC0-301F-11D3-BF4B-00C04F79EFBC}") = "MS2_毛毛購物網", "MS2_毛毛購物網\MS2_毛毛購物網.csproj", "{561CF4CF-DD97-46FC-9DA7-5DB09A2D2AA5}"
EndProject
Global
	GlobalSection(SolutionConfigurationPlatforms) = preSolution
		Debug|Any CPU = Debug|Any CPU
		Release|Any CPU = Release|Any CPU
	EndGlobalSection
	GlobalSection(ProjectConfigurationPlatforms) = postSolution
		{11093CFF-8DBD-43AC-B628-0DA2A92C08F9}.Debug|Any CPU.ActiveCfg = Debug|Any CPU
		{11093CFF-8DBD-43AC-B628-0DA2A92C08F9}.Debug|Any CPU.Build.0 = Debug|Any CPU
		{11093CFF-8DBD-43AC-B628-0DA2A92C08F9}.Release|Any CPU.ActiveCfg = Release|Any CPU
		{11093CFF-8DBD-43AC-B628-0DA2A92C08F9}.Release|Any CPU.Build.0 = Release|Any CPU
		{561CF4CF-DD97-46FC-9DA7-5DB09A2D2AA5}.Debug|Any CPU.ActiveCfg = Debug|Any CPU
		{561CF4CF-DD97-46FC-9DA7-5DB09A2D2AA5}.Debug|Any CPU.Build.0 = Debug|Any CPU
		{561CF4CF-DD97-46FC-9DA7-5DB09A2D2AA5}.Release|Any CPU.ActiveCfg = Release|Any CPU
		{561CF4CF-DD97-46FC-9DA7-5DB09A2D2AA5}.Release|Any CPU.Build.0 = Release|Any CPU
	EndGlobalSection
	GlobalSection(SolutionProperties) = preSolution
		HideSolutionNode = FALSE
	EndGlobalSection
	GlobalSection(ExtensibilityGlobals) = postSolution
		SolutionGuid = {CAC52FDD-523C-49D8-AB4D-97FA1B3AF12F}
	EndGlobalSection
EndGlobal
